// !$*UTF8*$!
{
	archiveVersion = 1;
	classes = {
	};
	objectVersion = 56;
	objects = {

/* Begin PBXBuildFile section */
		366F3F68299D5E4C000EB18D /* BioSensor.xcdatamodeld in Sources */ = {isa = PBXBuildFile; fileRef = 366F3F66299D5E4C000EB18D /* BioSensor.xcdatamodeld */; };
		366F3F6A299D5EB0000EB18D /* DataController.swift in Sources */ = {isa = PBXBuildFile; fileRef = 366F3F69299D5EB0000EB18D /* DataController.swift */; };
		366F3F6D299D6C58000EB18D /* MainView.swift in Sources */ = {isa = PBXBuildFile; fileRef = 366F3F6C299D6C58000EB18D /* MainView.swift */; };
		366F3F71299D6EC0000EB18D /* MeasurementPage.swift in Sources */ = {isa = PBXBuildFile; fileRef = 366F3F70299D6EC0000EB18D /* MeasurementPage.swift */; };
		366F3F73299D6F43000EB18D /* NotificationPage.swift in Sources */ = {isa = PBXBuildFile; fileRef = 366F3F72299D6F43000EB18D /* NotificationPage.swift */; };
		366F3F75299D70CD000EB18D /* ProfileView.swift in Sources */ = {isa = PBXBuildFile; fileRef = 366F3F74299D70CD000EB18D /* ProfileView.swift */; };
		366F3F77299D74F2000EB18D /* QuickStartGuide.swift in Sources */ = {isa = PBXBuildFile; fileRef = 366F3F76299D74F2000EB18D /* QuickStartGuide.swift */; };
		9096D906297C29580018DF54 /* BioSensorApp.swift in Sources */ = {isa = PBXBuildFile; fileRef = 9096D905297C29580018DF54 /* BioSensorApp.swift */; };
		9096D908297C29580018DF54 /* ContentView.swift in Sources */ = {isa = PBXBuildFile; fileRef = 9096D907297C29580018DF54 /* ContentView.swift */; };
		9096D90A297C295A0018DF54 /* Assets.xcassets in Resources */ = {isa = PBXBuildFile; fileRef = 9096D909297C295A0018DF54 /* Assets.xcassets */; };
		9096D90E297C295A0018DF54 /* Preview Assets.xcassets in Resources */ = {isa = PBXBuildFile; fileRef = 9096D90D297C295A0018DF54 /* Preview Assets.xcassets */; };
		9096D918297C295A0018DF54 /* BioSensorTests.swift in Sources */ = {isa = PBXBuildFile; fileRef = 9096D917297C295A0018DF54 /* BioSensorTests.swift */; };
		9096D922297C295A0018DF54 /* BioSensorUITests.swift in Sources */ = {isa = PBXBuildFile; fileRef = 9096D921297C295A0018DF54 /* BioSensorUITests.swift */; };
		9096D924297C295A0018DF54 /* BioSensorUITestsLaunchTests.swift in Sources */ = {isa = PBXBuildFile; fileRef = 9096D923297C295A0018DF54 /* BioSensorUITestsLaunchTests.swift */; };
/* End PBXBuildFile section */

/* Begin PBXContainerItemProxy section */
		9096D914297C295A0018DF54 /* PBXContainerItemProxy */ = {
			isa = PBXContainerItemProxy;
			containerPortal = 9096D8FA297C29580018DF54 /* Project object */;
			proxyType = 1;
			remoteGlobalIDString = 9096D901297C29580018DF54;
			remoteInfo = BioSensor;
		};
		9096D91E297C295A0018DF54 /* PBXContainerItemProxy */ = {
			isa = PBXContainerItemProxy;
			containerPortal = 9096D8FA297C29580018DF54 /* Project object */;
			proxyType = 1;
			remoteGlobalIDString = 9096D901297C29580018DF54;
			remoteInfo = BioSensor;
		};
/* End PBXContainerItemProxy section */

/* Begin PBXFileReference section */
		366F3F67299D5E4C000EB18D /* BioSensor.xcdatamodel */ = {isa = PBXFileReference; lastKnownFileType = wrapper.xcdatamodel; path = BioSensor.xcdatamodel; sourceTree = "<group>"; };
		366F3F69299D5EB0000EB18D /* DataController.swift */ = {isa = PBXFileReference; lastKnownFileType = sourcecode.swift; path = DataController.swift; sourceTree = "<group>"; };
		366F3F6B299D6B8A000EB18D /* BioSensor-Bridging-Header.h */ = {isa = PBXFileReference; fileEncoding = 4; lastKnownFileType = sourcecode.c.h; name = "BioSensor-Bridging-Header.h"; path = "../../../Desktop/bioTech/BioSensor/BioSensor-Bridging-Header.h"; sourceTree = "<group>"; };
		366F3F6C299D6C58000EB18D /* MainView.swift */ = {isa = PBXFileReference; lastKnownFileType = sourcecode.swift; path = MainView.swift; sourceTree = "<group>"; };
		366F3F70299D6EC0000EB18D /* MeasurementPage.swift */ = {isa = PBXFileReference; lastKnownFileType = sourcecode.swift; path = MeasurementPage.swift; sourceTree = "<group>"; };
		366F3F72299D6F43000EB18D /* NotificationPage.swift */ = {isa = PBXFileReference; lastKnownFileType = sourcecode.swift; path = NotificationPage.swift; sourceTree = "<group>"; };
		366F3F74299D70CD000EB18D /* ProfileView.swift */ = {isa = PBXFileReference; lastKnownFileType = sourcecode.swift; path = ProfileView.swift; sourceTree = "<group>"; };
		366F3F76299D74F2000EB18D /* QuickStartGuide.swift */ = {isa = PBXFileReference; fileEncoding = 4; lastKnownFileType = sourcecode.swift; name = QuickStartGuide.swift; path = ../../../.Trash/QuickStartGuide.swift; sourceTree = "<group>"; };
		9096D902297C29580018DF54 /* BioSensor.app */ = {isa = PBXFileReference; explicitFileType = wrapper.application; includeInIndex = 0; path = BioSensor.app; sourceTree = BUILT_PRODUCTS_DIR; };
		9096D905297C29580018DF54 /* BioSensorApp.swift */ = {isa = PBXFileReference; lastKnownFileType = sourcecode.swift; path = BioSensorApp.swift; sourceTree = "<group>"; };
		9096D907297C29580018DF54 /* ContentView.swift */ = {isa = PBXFileReference; lastKnownFileType = sourcecode.swift; path = ContentView.swift; sourceTree = "<group>"; };
		9096D909297C295A0018DF54 /* Assets.xcassets */ = {isa = PBXFileReference; lastKnownFileType = folder.assetcatalog; path = Assets.xcassets; sourceTree = "<group>"; };
		9096D90B297C295A0018DF54 /* BioSensor.entitlements */ = {isa = PBXFileReference; lastKnownFileType = text.plist.entitlements; path = BioSensor.entitlements; sourceTree = "<group>"; };
		9096D90D297C295A0018DF54 /* Preview Assets.xcassets */ = {isa = PBXFileReference; lastKnownFileType = folder.assetcatalog; path = "Preview Assets.xcassets"; sourceTree = "<group>"; };
		9096D913297C295A0018DF54 /* BioSensorTests.xctest */ = {isa = PBXFileReference; explicitFileType = wrapper.cfbundle; includeInIndex = 0; path = BioSensorTests.xctest; sourceTree = BUILT_PRODUCTS_DIR; };
		9096D917297C295A0018DF54 /* BioSensorTests.swift */ = {isa = PBXFileReference; lastKnownFileType = sourcecode.swift; path = BioSensorTests.swift; sourceTree = "<group>"; };
		9096D91D297C295A0018DF54 /* BioSensorUITests.xctest */ = {isa = PBXFileReference; explicitFileType = wrapper.cfbundle; includeInIndex = 0; path = BioSensorUITests.xctest; sourceTree = BUILT_PRODUCTS_DIR; };
		9096D921297C295A0018DF54 /* BioSensorUITests.swift */ = {isa = PBXFileReference; lastKnownFileType = sourcecode.swift; path = BioSensorUITests.swift; sourceTree = "<group>"; };
		9096D923297C295A0018DF54 /* BioSensorUITestsLaunchTests.swift */ = {isa = PBXFileReference; lastKnownFileType = sourcecode.swift; path = BioSensorUITestsLaunchTests.swift; sourceTree = "<group>"; };
/* End PBXFileReference section */

/* Begin PBXFrameworksBuildPhase section */
		9096D8FF297C29580018DF54 /* Frameworks */ = {
			isa = PBXFrameworksBuildPhase;
			buildActionMask = 2147483647;
			files = (
			);
			runOnlyForDeploymentPostprocessing = 0;
		};
		9096D910297C295A0018DF54 /* Frameworks */ = {
			isa = PBXFrameworksBuildPhase;
			buildActionMask = 2147483647;
			files = (
			);
			runOnlyForDeploymentPostprocessing = 0;
		};
		9096D91A297C295A0018DF54 /* Frameworks */ = {
			isa = PBXFrameworksBuildPhase;
			buildActionMask = 2147483647;
			files = (
			);
			runOnlyForDeploymentPostprocessing = 0;
		};
/* End PBXFrameworksBuildPhase section */

/* Begin PBXGroup section */
		9096D8F9297C29580018DF54 = {
			isa = PBXGroup;
			children = (
				9096D904297C29580018DF54 /* BioSensor */,
				9096D916297C295A0018DF54 /* BioSensorTests */,
				9096D920297C295A0018DF54 /* BioSensorUITests */,
				9096D903297C29580018DF54 /* Products */,
			);
			sourceTree = "<group>";
		};
		9096D903297C29580018DF54 /* Products */ = {
			isa = PBXGroup;
			children = (
				9096D902297C29580018DF54 /* BioSensor.app */,
				9096D913297C295A0018DF54 /* BioSensorTests.xctest */,
				9096D91D297C295A0018DF54 /* BioSensorUITests.xctest */,
			);
			name = Products;
			sourceTree = "<group>";
		};
		9096D904297C29580018DF54 /* BioSensor */ = {
			isa = PBXGroup;
			children = (
				9096D909297C295A0018DF54 /* Assets.xcassets */,
				366F3F6B299D6B8A000EB18D /* BioSensor-Bridging-Header.h */,
				9096D90B297C295A0018DF54 /* BioSensor.entitlements */,
				9096D905297C29580018DF54 /* BioSensorApp.swift */,
				9096D907297C29580018DF54 /* ContentView.swift */,
				366F3F74299D70CD000EB18D /* ProfileView.swift */,
				366F3F72299D6F43000EB18D /* NotificationPage.swift */,
				366F3F70299D6EC0000EB18D /* MeasurementPage.swift */,
				366F3F6C299D6C58000EB18D /* MainView.swift */,
				366F3F66299D5E4C000EB18D /* BioSensor.xcdatamodeld */,
				366F3F69299D5EB0000EB18D /* DataController.swift */,
				366F3F76299D74F2000EB18D /* QuickStartGuide.swift */,
				9096D90C297C295A0018DF54 /* Preview Content */,
			);
			path = BioSensor;
			sourceTree = "<group>";
		};
		9096D90C297C295A0018DF54 /* Preview Content */ = {
			isa = PBXGroup;
			children = (
				9096D90D297C295A0018DF54 /* Preview Assets.xcassets */,
			);
			path = "Preview Content";
			sourceTree = "<group>";
		};
		9096D916297C295A0018DF54 /* BioSensorTests */ = {
			isa = PBXGroup;
			children = (
				9096D917297C295A0018DF54 /* BioSensorTests.swift */,
			);
			path = BioSensorTests;
			sourceTree = "<group>";
		};
		9096D920297C295A0018DF54 /* BioSensorUITests */ = {
			isa = PBXGroup;
			children = (
				9096D921297C295A0018DF54 /* BioSensorUITests.swift */,
				9096D923297C295A0018DF54 /* BioSensorUITestsLaunchTests.swift */,
			);
			path = BioSensorUITests;
			sourceTree = "<group>";
		};
/* End PBXGroup section */

/* Begin PBXNativeTarget section */
		9096D901297C29580018DF54 /* BioSensor */ = {
			isa = PBXNativeTarget;
			buildConfigurationList = 9096D927297C295A0018DF54 /* Build configuration list for PBXNativeTarget "BioSensor" */;
			buildPhases = (
				9096D8FE297C29580018DF54 /* Sources */,
				9096D8FF297C29580018DF54 /* Frameworks */,
				9096D900297C29580018DF54 /* Resources */,
			);
			buildRules = (
			);
			dependencies = (
			);
			name = BioSensor;
			productName = BioSensor;
			productReference = 9096D902297C29580018DF54 /* BioSensor.app */;
			productType = "com.apple.product-type.application";
		};
		9096D912297C295A0018DF54 /* BioSensorTests */ = {
			isa = PBXNativeTarget;
			buildConfigurationList = 9096D92A297C295A0018DF54 /* Build configuration list for PBXNativeTarget "BioSensorTests" */;
			buildPhases = (
				9096D90F297C295A0018DF54 /* Sources */,
				9096D910297C295A0018DF54 /* Frameworks */,
				9096D911297C295A0018DF54 /* Resources */,
			);
			buildRules = (
			);
			dependencies = (
				9096D915297C295A0018DF54 /* PBXTargetDependency */,
			);
			name = BioSensorTests;
			productName = BioSensorTests;
			productReference = 9096D913297C295A0018DF54 /* BioSensorTests.xctest */;
			productType = "com.apple.product-type.bundle.unit-test";
		};
		9096D91C297C295A0018DF54 /* BioSensorUITests */ = {
			isa = PBXNativeTarget;
			buildConfigurationList = 9096D92D297C295A0018DF54 /* Build configuration list for PBXNativeTarget "BioSensorUITests" */;
			buildPhases = (
				9096D919297C295A0018DF54 /* Sources */,
				9096D91A297C295A0018DF54 /* Frameworks */,
				9096D91B297C295A0018DF54 /* Resources */,
			);
			buildRules = (
			);
			dependencies = (
				9096D91F297C295A0018DF54 /* PBXTargetDependency */,
			);
			name = BioSensorUITests;
			productName = BioSensorUITests;
			productReference = 9096D91D297C295A0018DF54 /* BioSensorUITests.xctest */;
			productType = "com.apple.product-type.bundle.ui-testing";
		};
/* End PBXNativeTarget section */

/* Begin PBXProject section */
		9096D8FA297C29580018DF54 /* Project object */ = {
			isa = PBXProject;
			attributes = {
				BuildIndependentTargetsInParallel = 1;
				LastSwiftUpdateCheck = 1420;
				LastUpgradeCheck = 1420;
				TargetAttributes = {
					9096D901297C29580018DF54 = {
						CreatedOnToolsVersion = 14.2;
					};
					9096D912297C295A0018DF54 = {
						CreatedOnToolsVersion = 14.2;
						TestTargetID = 9096D901297C29580018DF54;
					};
					9096D91C297C295A0018DF54 = {
						CreatedOnToolsVersion = 14.2;
						TestTargetID = 9096D901297C29580018DF54;
					};
				};
			};
			buildConfigurationList = 9096D8FD297C29580018DF54 /* Build configuration list for PBXProject "BioSensor" */;
			compatibilityVersion = "Xcode 14.0";
			developmentRegion = en;
			hasScannedForEncodings = 0;
			knownRegions = (
				en,
				Base,
			);
			mainGroup = 9096D8F9297C29580018DF54;
			productRefGroup = 9096D903297C29580018DF54 /* Products */;
			projectDirPath = "";
			projectRoot = "";
			targets = (
				9096D901297C29580018DF54 /* BioSensor */,
				9096D912297C295A0018DF54 /* BioSensorTests */,
				9096D91C297C295A0018DF54 /* BioSensorUITests */,
			);
		};
/* End PBXProject section */

/* Begin PBXResourcesBuildPhase section */
		9096D900297C29580018DF54 /* Resources */ = {
			isa = PBXResourcesBuildPhase;
			buildActionMask = 2147483647;
			files = (
				9096D90E297C295A0018DF54 /* Preview Assets.xcassets in Resources */,
				9096D90A297C295A0018DF54 /* Assets.xcassets in Resources */,
			);
			runOnlyForDeploymentPostprocessing = 0;
		};
		9096D911297C295A0018DF54 /* Resources */ = {
			isa = PBXResourcesBuildPhase;
			buildActionMask = 2147483647;
			files = (
			);
			runOnlyForDeploymentPostprocessing = 0;
		};
		9096D91B297C295A0018DF54 /* Resources */ = {
			isa = PBXResourcesBuildPhase;
			buildActionMask = 2147483647;
			files = (
			);
			runOnlyForDeploymentPostprocessing = 0;
		};
/* End PBXResourcesBuildPhase section */

/* Begin PBXSourcesBuildPhase section */
		9096D8FE297C29580018DF54 /* Sources */ = {
			isa = PBXSourcesBuildPhase;
			buildActionMask = 2147483647;
			files = (
				366F3F68299D5E4C000EB18D /* BioSensor.xcdatamodeld in Sources */,
				366F3F77299D74F2000EB18D /* QuickStartGuide.swift in Sources */,
				366F3F71299D6EC0000EB18D /* MeasurementPage.swift in Sources */,
				366F3F6A299D5EB0000EB18D /* DataController.swift in Sources */,
				9096D908297C29580018DF54 /* ContentView.swift in Sources */,
				366F3F73299D6F43000EB18D /* NotificationPage.swift in Sources */,
				366F3F75299D70CD000EB18D /* ProfileView.swift in Sources */,
				366F3F6D299D6C58000EB18D /* MainView.swift in Sources */,
				9096D906297C29580018DF54 /* BioSensorApp.swift in Sources */,
			);
			runOnlyForDeploymentPostprocessing = 0;
		};
		9096D90F297C295A0018DF54 /* Sources */ = {
			isa = PBXSourcesBuildPhase;
			buildActionMask = 2147483647;
			files = (
				9096D918297C295A0018DF54 /* BioSensorTests.swift in Sources */,
			);
			runOnlyForDeploymentPostprocessing = 0;
		};
		9096D919297C295A0018DF54 /* Sources */ = {
			isa = PBXSourcesBuildPhase;
			buildActionMask = 2147483647;
			files = (
				9096D922297C295A0018DF54 /* BioSensorUITests.swift in Sources */,
				9096D924297C295A0018DF54 /* BioSensorUITestsLaunchTests.swift in Sources */,
			);
			runOnlyForDeploymentPostprocessing = 0;
		};
/* End PBXSourcesBuildPhase section */

/* Begin PBXTargetDependency section */
		9096D915297C295A0018DF54 /* PBXTargetDependency */ = {
			isa = PBXTargetDependency;
			target = 9096D901297C29580018DF54 /* BioSensor */;
			targetProxy = 9096D914297C295A0018DF54 /* PBXContainerItemProxy */;
		};
		9096D91F297C295A0018DF54 /* PBXTargetDependency */ = {
			isa = PBXTargetDependency;
			target = 9096D901297C29580018DF54 /* BioSensor */;
			targetProxy = 9096D91E297C295A0018DF54 /* PBXContainerItemProxy */;
		};
/* End PBXTargetDependency section */

/* Begin XCBuildConfiguration section */
		9096D925297C295A0018DF54 /* Debug */ = {
			isa = XCBuildConfiguration;
			buildSettings = {
				ALWAYS_SEARCH_USER_PATHS = NO;
				CLANG_ANALYZER_NONNULL = YES;
				CLANG_ANALYZER_NUMBER_OBJECT_CONVERSION = YES_AGGRESSIVE;
				CLANG_CXX_LANGUAGE_STANDARD = "gnu++20";
				CLANG_ENABLE_MODULES = YES;
				CLANG_ENABLE_OBJC_ARC = YES;
				CLANG_ENABLE_OBJC_WEAK = YES;
				CLANG_WARN_BLOCK_CAPTURE_AUTORELEASING = YES;
				CLANG_WARN_BOOL_CONVERSION = YES;
				CLANG_WARN_COMMA = YES;
				CLANG_WARN_CONSTANT_CONVERSION = YES;
				CLANG_WARN_DEPRECATED_OBJC_IMPLEMENTATIONS = YES;
				CLANG_WARN_DIRECT_OBJC_ISA_USAGE = YES_ERROR;
				CLANG_WARN_DOCUMENTATION_COMMENTS = YES;
				CLANG_WARN_EMPTY_BODY = YES;
				CLANG_WARN_ENUM_CONVERSION = YES;
				CLANG_WARN_INFINITE_RECURSION = YES;
				CLANG_WARN_INT_CONVERSION = YES;
				CLANG_WARN_NON_LITERAL_NULL_CONVERSION = YES;
				CLANG_WARN_OBJC_IMPLICIT_RETAIN_SELF = YES;
				CLANG_WARN_OBJC_LITERAL_CONVERSION = YES;
				CLANG_WARN_OBJC_ROOT_CLASS = YES_ERROR;
				CLANG_WARN_QUOTED_INCLUDE_IN_FRAMEWORK_HEADER = YES;
				CLANG_WARN_RANGE_LOOP_ANALYSIS = YES;
				CLANG_WARN_STRICT_PROTOTYPES = YES;
				CLANG_WARN_SUSPICIOUS_MOVE = YES;
				CLANG_WARN_UNGUARDED_AVAILABILITY = YES_AGGRESSIVE;
				CLANG_WARN_UNREACHABLE_CODE = YES;
				CLANG_WARN__DUPLICATE_METHOD_MATCH = YES;
				COPY_PHASE_STRIP = NO;
				DEBUG_INFORMATION_FORMAT = dwarf;
				ENABLE_STRICT_OBJC_MSGSEND = YES;
				ENABLE_TESTABILITY = YES;
				GCC_C_LANGUAGE_STANDARD = gnu11;
				GCC_DYNAMIC_NO_PIC = NO;
				GCC_NO_COMMON_BLOCKS = YES;
				GCC_OPTIMIZATION_LEVEL = 0;
				GCC_PREPROCESSOR_DEFINITIONS = (
					"DEBUG=1",
					"$(inherited)",
				);
				GCC_WARN_64_TO_32_BIT_CONVERSION = YES;
				GCC_WARN_ABOUT_RETURN_TYPE = YES_ERROR;
				GCC_WARN_UNDECLARED_SELECTOR = YES;
				GCC_WARN_UNINITIALIZED_AUTOS = YES_AGGRESSIVE;
				GCC_WARN_UNUSED_FUNCTION = YES;
				GCC_WARN_UNUSED_VARIABLE = YES;
				MTL_ENABLE_DEBUG_INFO = INCLUDE_SOURCE;
				MTL_FAST_MATH = YES;
				ONLY_ACTIVE_ARCH = YES;
				SWIFT_ACTIVE_COMPILATION_CONDITIONS = DEBUG;
				SWIFT_OPTIMIZATION_LEVEL = "-Onone";
			};
			name = Debug;
		};
		9096D926297C295A0018DF54 /* Release */ = {
			isa = XCBuildConfiguration;
			buildSettings = {
				ALWAYS_SEARCH_USER_PATHS = NO;
				CLANG_ANALYZER_NONNULL = YES;
				CLANG_ANALYZER_NUMBER_OBJECT_CONVERSION = YES_AGGRESSIVE;
				CLANG_CXX_LANGUAGE_STANDARD = "gnu++20";
				CLANG_ENABLE_MODULES = YES;
				CLANG_ENABLE_OBJC_ARC = YES;
				CLANG_ENABLE_OBJC_WEAK = YES;
				CLANG_WARN_BLOCK_CAPTURE_AUTORELEASING = YES;
				CLANG_WARN_BOOL_CONVERSION = YES;
				CLANG_WARN_COMMA = YES;
				CLANG_WARN_CONSTANT_CONVERSION = YES;
				CLANG_WARN_DEPRECATED_OBJC_IMPLEMENTATIONS = YES;
				CLANG_WARN_DIRECT_OBJC_ISA_USAGE = YES_ERROR;
				CLANG_WARN_DOCUMENTATION_COMMENTS = YES;
				CLANG_WARN_EMPTY_BODY = YES;
				CLANG_WARN_ENUM_CONVERSION = YES;
				CLANG_WARN_INFINITE_RECURSION = YES;
				CLANG_WARN_INT_CONVERSION = YES;
				CLANG_WARN_NON_LITERAL_NULL_CONVERSION = YES;
				CLANG_WARN_OBJC_IMPLICIT_RETAIN_SELF = YES;
				CLANG_WARN_OBJC_LITERAL_CONVERSION = YES;
				CLANG_WARN_OBJC_ROOT_CLASS = YES_ERROR;
				CLANG_WARN_QUOTED_INCLUDE_IN_FRAMEWORK_HEADER = YES;
				CLANG_WARN_RANGE_LOOP_ANALYSIS = YES;
				CLANG_WARN_STRICT_PROTOTYPES = YES;
				CLANG_WARN_SUSPICIOUS_MOVE = YES;
				CLANG_WARN_UNGUARDED_AVAILABILITY = YES_AGGRESSIVE;
				CLANG_WARN_UNREACHABLE_CODE = YES;
				CLANG_WARN__DUPLICATE_METHOD_MATCH = YES;
				COPY_PHASE_STRIP = NO;
				DEBUG_INFORMATION_FORMAT = "dwarf-with-dsym";
				ENABLE_NS_ASSERTIONS = NO;
				ENABLE_STRICT_OBJC_MSGSEND = YES;
				GCC_C_LANGUAGE_STANDARD = gnu11;
				GCC_NO_COMMON_BLOCKS = YES;
				GCC_WARN_64_TO_32_BIT_CONVERSION = YES;
				GCC_WARN_ABOUT_RETURN_TYPE = YES_ERROR;
				GCC_WARN_UNDECLARED_SELECTOR = YES;
				GCC_WARN_UNINITIALIZED_AUTOS = YES_AGGRESSIVE;
				GCC_WARN_UNUSED_FUNCTION = YES;
				GCC_WARN_UNUSED_VARIABLE = YES;
				MTL_ENABLE_DEBUG_INFO = NO;
				MTL_FAST_MATH = YES;
				SWIFT_COMPILATION_MODE = wholemodule;
				SWIFT_OPTIMIZATION_LEVEL = "-O";
			};
			name = Release;
		};
		9096D928297C295A0018DF54 /* Debug */ = {
			isa = XCBuildConfiguration;
			buildSettings = {
				ASSETCATALOG_COMPILER_APPICON_NAME = AppIcon;
				ASSETCATALOG_COMPILER_GLOBAL_ACCENT_COLOR_NAME = AccentColor;
				CODE_SIGN_ENTITLEMENTS = BioSensor/BioSensor.entitlements;
				CODE_SIGN_STYLE = Automatic;
				CURRENT_PROJECT_VERSION = 1;
				DEVELOPMENT_ASSET_PATHS = "\"BioSensor/Preview Content\"";
				DEVELOPMENT_TEAM = AZLN4B8954;
				ENABLE_PREVIEWS = YES;
				GENERATE_INFOPLIST_FILE = YES;
				"INFOPLIST_KEY_UIApplicationSceneManifest_Generation[sdk=iphoneos*]" = YES;
				"INFOPLIST_KEY_UIApplicationSceneManifest_Generation[sdk=iphonesimulator*]" = YES;
				"INFOPLIST_KEY_UIApplicationSupportsIndirectInputEvents[sdk=iphoneos*]" = YES;
				"INFOPLIST_KEY_UIApplicationSupportsIndirectInputEvents[sdk=iphonesimulator*]" = YES;
				"INFOPLIST_KEY_UILaunchScreen_Generation[sdk=iphoneos*]" = YES;
				"INFOPLIST_KEY_UILaunchScreen_Generation[sdk=iphonesimulator*]" = YES;
				"INFOPLIST_KEY_UIStatusBarStyle[sdk=iphoneos*]" = UIStatusBarStyleDefault;
				"INFOPLIST_KEY_UIStatusBarStyle[sdk=iphonesimulator*]" = UIStatusBarStyleDefault;
				INFOPLIST_KEY_UISupportedInterfaceOrientations_iPad = "UIInterfaceOrientationPortrait UIInterfaceOrientationPortraitUpsideDown UIInterfaceOrientationLandscapeLeft UIInterfaceOrientationLandscapeRight";
				INFOPLIST_KEY_UISupportedInterfaceOrientations_iPhone = "UIInterfaceOrientationPortrait UIInterfaceOrientationLandscapeLeft UIInterfaceOrientationLandscapeRight";
				IPHONEOS_DEPLOYMENT_TARGET = 16.0;
				LD_RUNPATH_SEARCH_PATHS = "@executable_path/Frameworks";
				"LD_RUNPATH_SEARCH_PATHS[sdk=macosx*]" = "@executable_path/../Frameworks";
				MACOSX_DEPLOYMENT_TARGET = 13.1;
				MARKETING_VERSION = 1.0;
				PRODUCT_BUNDLE_IDENTIFIER = com.ufl.BioSensor;
				PRODUCT_NAME = "$(TARGET_NAME)";
				SDKROOT = auto;
				SUPPORTED_PLATFORMS = "iphoneos iphonesimulator macosx";
				SWIFT_EMIT_LOC_STRINGS = YES;
				SWIFT_VERSION = 5.0;
				TARGETED_DEVICE_FAMILY = "1,2";
			};
			name = Debug;
		};
		9096D929297C295A0018DF54 /* Release */ = {
			isa = XCBuildConfiguration;
			buildSettings = {
				ASSETCATALOG_COMPILER_APPICON_NAME = AppIcon;
				ASSETCATALOG_COMPILER_GLOBAL_ACCENT_COLOR_NAME = AccentColor;
				CODE_SIGN_ENTITLEMENTS = BioSensor/BioSensor.entitlements;
				CODE_SIGN_STYLE = Automatic;
				CURRENT_PROJECT_VERSION = 1;
				DEVELOPMENT_ASSET_PATHS = "\"BioSensor/Preview Content\"";
				DEVELOPMENT_TEAM = AZLN4B8954;
				ENABLE_PREVIEWS = YES;
				GENERATE_INFOPLIST_FILE = YES;
				"INFOPLIST_KEY_UIApplicationSceneManifest_Generation[sdk=iphoneos*]" = YES;
				"INFOPLIST_KEY_UIApplicationSceneManifest_Generation[sdk=iphonesimulator*]" = YES;
				"INFOPLIST_KEY_UIApplicationSupportsIndirectInputEvents[sdk=iphoneos*]" = YES;
				"INFOPLIST_KEY_UIApplicationSupportsIndirectInputEvents[sdk=iphonesimulator*]" = YES;
				"INFOPLIST_KEY_UILaunchScreen_Generation[sdk=iphoneos*]" = YES;
				"INFOPLIST_KEY_UILaunchScreen_Generation[sdk=iphonesimulator*]" = YES;
				"INFOPLIST_KEY_UIStatusBarStyle[sdk=iphoneos*]" = UIStatusBarStyleDefault;
				"INFOPLIST_KEY_UIStatusBarStyle[sdk=iphonesimulator*]" = UIStatusBarStyleDefault;
				INFOPLIST_KEY_UISupportedInterfaceOrientations_iPad = "UIInterfaceOrientationPortrait UIInterfaceOrientationPortraitUpsideDown UIInterfaceOrientationLandscapeLeft UIInterfaceOrientationLandscapeRight";
				INFOPLIST_KEY_UISupportedInterfaceOrientations_iPhone = "UIInterfaceOrientationPortrait UIInterfaceOrientationLandscapeLeft UIInterfaceOrientationLandscapeRight";
				IPHONEOS_DEPLOYMENT_TARGET = 16.0;
				LD_RUNPATH_SEARCH_PATHS = "@executable_path/Frameworks";
				"LD_RUNPATH_SEARCH_PATHS[sdk=macosx*]" = "@executable_path/../Frameworks";
				MACOSX_DEPLOYMENT_TARGET = 13.1;
				MARKETING_VERSION = 1.0;
				PRODUCT_BUNDLE_IDENTIFIER = com.ufl.BioSensor;
				PRODUCT_NAME = "$(TARGET_NAME)";
				SDKROOT = auto;
				SUPPORTED_PLATFORMS = "iphoneos iphonesimulator macosx";
				SWIFT_EMIT_LOC_STRINGS = YES;
				SWIFT_VERSION = 5.0;
				TARGETED_DEVICE_FAMILY = "1,2";
			};
			name = Release;
		};
		9096D92B297C295A0018DF54 /* Debug */ = {
			isa = XCBuildConfiguration;
			buildSettings = {
				ALWAYS_EMBED_SWIFT_STANDARD_LIBRARIES = YES;
				BUNDLE_LOADER = "$(TEST_HOST)";
				CODE_SIGN_STYLE = Automatic;
				CURRENT_PROJECT_VERSION = 1;
				GENERATE_INFOPLIST_FILE = YES;
				IPHONEOS_DEPLOYMENT_TARGET = 16.2;
				MACOSX_DEPLOYMENT_TARGET = 13.1;
				MARKETING_VERSION = 1.0;
				PRODUCT_BUNDLE_IDENTIFIER = com.ufl.BioSensorTests;
				PRODUCT_NAME = "$(TARGET_NAME)";
				SDKROOT = auto;
				SUPPORTED_PLATFORMS = "iphoneos iphonesimulator macosx";
				SWIFT_EMIT_LOC_STRINGS = NO;
				SWIFT_VERSION = 5.0;
				TARGETED_DEVICE_FAMILY = "1,2";
				TEST_HOST = "$(BUILT_PRODUCTS_DIR)/BioSensor.app/$(BUNDLE_EXECUTABLE_FOLDER_PATH)/BioSensor";
			};
			name = Debug;
		};
		9096D92C297C295A0018DF54 /* Release */ = {
			isa = XCBuildConfiguration;
			buildSettings = {
				ALWAYS_EMBED_SWIFT_STANDARD_LIBRARIES = YES;
				BUNDLE_LOADER = "$(TEST_HOST)";
				CODE_SIGN_STYLE = Automatic;
				CURRENT_PROJECT_VERSION = 1;
				GENERATE_INFOPLIST_FILE = YES;
				IPHONEOS_DEPLOYMENT_TARGET = 16.2;
				MACOSX_DEPLOYMENT_TARGET = 13.1;
				MARKETING_VERSION = 1.0;
				PRODUCT_BUNDLE_IDENTIFIER = com.ufl.BioSensorTests;
				PRODUCT_NAME = "$(TARGET_NAME)";
				SDKROOT = auto;
				SUPPORTED_PLATFORMS = "iphoneos iphonesimulator macosx";
				SWIFT_EMIT_LOC_STRINGS = NO;
				SWIFT_VERSION = 5.0;
				TARGETED_DEVICE_FAMILY = "1,2";
				TEST_HOST = "$(BUILT_PRODUCTS_DIR)/BioSensor.app/$(BUNDLE_EXECUTABLE_FOLDER_PATH)/BioSensor";
			};
			name = Release;
		};
		9096D92E297C295A0018DF54 /* Debug */ = {
			isa = XCBuildConfiguration;
			buildSettings = {
				ALWAYS_EMBED_SWIFT_STANDARD_LIBRARIES = YES;
				CODE_SIGN_STYLE = Automatic;
				CURRENT_PROJECT_VERSION = 1;
				GENERATE_INFOPLIST_FILE = YES;
				IPHONEOS_DEPLOYMENT_TARGET = 16.2;
				MACOSX_DEPLOYMENT_TARGET = 13.1;
				MARKETING_VERSION = 1.0;
				PRODUCT_BUNDLE_IDENTIFIER = com.ufl.BioSensorUITests;
				PRODUCT_NAME = "$(TARGET_NAME)";
				SDKROOT = auto;
				SUPPORTED_PLATFORMS = "iphoneos iphonesimulator macosx";
				SWIFT_EMIT_LOC_STRINGS = NO;
				SWIFT_VERSION = 5.0;
				TARGETED_DEVICE_FAMILY = "1,2";
				TEST_TARGET_NAME = BioSensor;
			};
			name = Debug;
		};
		9096D92F297C295A0018DF54 /* Release */ = {
			isa = XCBuildConfiguration;
			buildSettings = {
				ALWAYS_EMBED_SWIFT_STANDARD_LIBRARIES = YES;
				CODE_SIGN_STYLE = Automatic;
				CURRENT_PROJECT_VERSION = 1;
				GENERATE_INFOPLIST_FILE = YES;
				IPHONEOS_DEPLOYMENT_TARGET = 16.2;
				MACOSX_DEPLOYMENT_TARGET = 13.1;
				MARKETING_VERSION = 1.0;
				PRODUCT_BUNDLE_IDENTIFIER = com.ufl.BioSensorUITests;
				PRODUCT_NAME = "$(TARGET_NAME)";
				SDKROOT = auto;
				SUPPORTED_PLATFORMS = "iphoneos iphonesimulator macosx";
				SWIFT_EMIT_LOC_STRINGS = NO;
				SWIFT_VERSION = 5.0;
				TARGETED_DEVICE_FAMILY = "1,2";
				TEST_TARGET_NAME = BioSensor;
			};
			name = Release;
		};
/* End XCBuildConfiguration section */

/* Begin XCConfigurationList section */
		9096D8FD297C29580018DF54 /* Build configuration list for PBXProject "BioSensor" */ = {
			isa = XCConfigurationList;
			buildConfigurations = (
				9096D925297C295A0018DF54 /* Debug */,
				9096D926297C295A0018DF54 /* Release */,
			);
			defaultConfigurationIsVisible = 0;
			defaultConfigurationName = Release;
		};
		9096D927297C295A0018DF54 /* Build configuration list for PBXNativeTarget "BioSensor" */ = {
			isa = XCConfigurationList;
			buildConfigurations = (
				9096D928297C295A0018DF54 /* Debug */,
				9096D929297C295A0018DF54 /* Release */,
			);
			defaultConfigurationIsVisible = 0;
			defaultConfigurationName = Release;
		};
		9096D92A297C295A0018DF54 /* Build configuration list for PBXNativeTarget "BioSensorTests" */ = {
			isa = XCConfigurationList;
			buildConfigurations = (
				9096D92B297C295A0018DF54 /* Debug */,
				9096D92C297C295A0018DF54 /* Release */,
			);
			defaultConfigurationIsVisible = 0;
			defaultConfigurationName = Release;
		};
		9096D92D297C295A0018DF54 /* Build configuration list for PBXNativeTarget "BioSensorUITests" */ = {
			isa = XCConfigurationList;
			buildConfigurations = (
				9096D92E297C295A0018DF54 /* Debug */,
				9096D92F297C295A0018DF54 /* Release */,
			);
			defaultConfigurationIsVisible = 0;
			defaultConfigurationName = Release;
		};
/* End XCConfigurationList section */

/* Begin XCVersionGroup section */
		366F3F66299D5E4C000EB18D /* BioSensor.xcdatamodeld */ = {
			isa = XCVersionGroup;
			children = (
				366F3F67299D5E4C000EB18D /* BioSensor.xcdatamodel */,
			);
			currentVersion = 366F3F67299D5E4C000EB18D /* BioSensor.xcdatamodel */;
			path = BioSensor.xcdatamodeld;
			sourceTree = "<group>";
			versionGroupType = wrapper.xcdatamodel;
		};
/* End XCVersionGroup section */
	};
	rootObject = 9096D8FA297C29580018DF54 /* Project object */;
}
