// !$*UTF8*$!
{
	archiveVersion = 1;
	classes = {
	};
	objectVersion = 55;
	objects = {

/* Begin PBXBuildFile section */
		07CAF42028D51D3500DD23C0 /* AppDelegate.swift in Sources */ = {isa = PBXBuildFile; fileRef = 07CAF41F28D51D3500DD23C0 /* AppDelegate.swift */; };
		07CAF42228D51D3500DD23C0 /* SceneDelegate.swift in Sources */ = {isa = PBXBuildFile; fileRef = 07CAF42128D51D3500DD23C0 /* SceneDelegate.swift */; };
		07CAF42428D51D3500DD23C0 /* ViewController.swift in Sources */ = {isa = PBXBuildFile; fileRef = 07CAF42328D51D3500DD23C0 /* ViewController.swift */; };
		07CAF42728D51D3500DD23C0 /* Main.storyboard in Resources */ = {isa = PBXBuildFile; fileRef = 07CAF42528D51D3500DD23C0 /* Main.storyboard */; };
		07CAF42928D51D3700DD23C0 /* Assets.xcassets in Resources */ = {isa = PBXBuildFile; fileRef = 07CAF42828D51D3700DD23C0 /* Assets.xcassets */; };
		07CAF42C28D51D3700DD23C0 /* LaunchScreen.storyboard in Resources */ = {isa = PBXBuildFile; fileRef = 07CAF42A28D51D3700DD23C0 /* LaunchScreen.storyboard */; };
		07CAF43728D51D3700DD23C0 /* APT_BioSensorTests.swift in Sources */ = {isa = PBXBuildFile; fileRef = 07CAF43628D51D3700DD23C0 /* APT_BioSensorTests.swift */; };
		07CAF44128D51D3800DD23C0 /* APT_BioSensorUITests.swift in Sources */ = {isa = PBXBuildFile; fileRef = 07CAF44028D51D3800DD23C0 /* APT_BioSensorUITests.swift */; };
		07CAF44328D51D3800DD23C0 /* APT_BioSensorUITestsLaunchTests.swift in Sources */ = {isa = PBXBuildFile; fileRef = 07CAF44228D51D3800DD23C0 /* APT_BioSensorUITestsLaunchTests.swift */; };
		3838790328F672D1006AEE9B /* NotificationSettingsView.swift in Sources */ = {isa = PBXBuildFile; fileRef = 3838790228F672D1006AEE9B /* NotificationSettingsView.swift */; };
		38BF7DD528F63D71001C0CD5 /* NotificationManager.swift in Sources */ = {isa = PBXBuildFile; fileRef = 38BF7DD428F63D71001C0CD5 /* NotificationManager.swift */; };
		D166AA4728ECBEC800B6B664 /* ViewController_Display.swift in Sources */ = {isa = PBXBuildFile; fileRef = D166AA4628ECBEC800B6B664 /* ViewController_Display.swift */; };
		D166AA4928ECC3AD00B6B664 /* ViewController_Settings.swift in Sources */ = {isa = PBXBuildFile; fileRef = D166AA4828ECC3AD00B6B664 /* ViewController_Settings.swift */; };
		D1B46FC928D2775100C75C27 /* bioTechApp.swift in Sources */ = {isa = PBXBuildFile; fileRef = D1B46FC828D2775100C75C27 /* bioTechApp.swift */; };
		D1B46FCB28D2775100C75C27 /* ContentView.swift in Sources */ = {isa = PBXBuildFile; fileRef = D1B46FCA28D2775100C75C27 /* ContentView.swift */; };
		D1B46FCD28D2775100C75C27 /* Assets.xcassets in Resources */ = {isa = PBXBuildFile; fileRef = D1B46FCC28D2775100C75C27 /* Assets.xcassets */; };
		D1B46FD028D2775100C75C27 /* Preview Assets.xcassets in Resources */ = {isa = PBXBuildFile; fileRef = D1B46FCF28D2775100C75C27 /* Preview Assets.xcassets */; };
		F8ADC143291065BC005950BD /* SwiftUICharts in Frameworks */ = {isa = PBXBuildFile; productRef = F8ADC142291065BC005950BD /* SwiftUICharts */; };
/* End PBXBuildFile section */

/* Begin PBXContainerItemProxy section */
		07CAF43328D51D3700DD23C0 /* PBXContainerItemProxy */ = {
			isa = PBXContainerItemProxy;
			containerPortal = D1B46FBD28D2775000C75C27 /* Project object */;
			proxyType = 1;
			remoteGlobalIDString = 07CAF41C28D51D3500DD23C0;
			remoteInfo = "APT BioSensor";
		};
		07CAF43D28D51D3800DD23C0 /* PBXContainerItemProxy */ = {
			isa = PBXContainerItemProxy;
			containerPortal = D1B46FBD28D2775000C75C27 /* Project object */;
			proxyType = 1;
			remoteGlobalIDString = 07CAF41C28D51D3500DD23C0;
			remoteInfo = "APT BioSensor";
		};
/* End PBXContainerItemProxy section */

/* Begin PBXFileReference section */
		07CAF41D28D51D3500DD23C0 /* APT BioSensor.app */ = {isa = PBXFileReference; explicitFileType = wrapper.application; includeInIndex = 0; path = "APT BioSensor.app"; sourceTree = BUILT_PRODUCTS_DIR; };
		07CAF41F28D51D3500DD23C0 /* AppDelegate.swift */ = {isa = PBXFileReference; lastKnownFileType = sourcecode.swift; path = AppDelegate.swift; sourceTree = "<group>"; };
		07CAF42128D51D3500DD23C0 /* SceneDelegate.swift */ = {isa = PBXFileReference; lastKnownFileType = sourcecode.swift; path = SceneDelegate.swift; sourceTree = "<group>"; };
		07CAF42328D51D3500DD23C0 /* ViewController.swift */ = {isa = PBXFileReference; lastKnownFileType = sourcecode.swift; path = ViewController.swift; sourceTree = "<group>"; };
		07CAF42628D51D3500DD23C0 /* Base */ = {isa = PBXFileReference; lastKnownFileType = file.storyboard; name = Base; path = Base.lproj/Main.storyboard; sourceTree = "<group>"; };
		07CAF42828D51D3700DD23C0 /* Assets.xcassets */ = {isa = PBXFileReference; lastKnownFileType = folder.assetcatalog; path = Assets.xcassets; sourceTree = "<group>"; };
		07CAF42B28D51D3700DD23C0 /* Base */ = {isa = PBXFileReference; lastKnownFileType = file.storyboard; name = Base; path = Base.lproj/LaunchScreen.storyboard; sourceTree = "<group>"; };
		07CAF42D28D51D3700DD23C0 /* Info.plist */ = {isa = PBXFileReference; lastKnownFileType = text.plist.xml; path = Info.plist; sourceTree = "<group>"; };
		07CAF43228D51D3700DD23C0 /* APT BioSensorTests.xctest */ = {isa = PBXFileReference; explicitFileType = wrapper.cfbundle; includeInIndex = 0; path = "APT BioSensorTests.xctest"; sourceTree = BUILT_PRODUCTS_DIR; };
		07CAF43628D51D3700DD23C0 /* APT_BioSensorTests.swift */ = {isa = PBXFileReference; lastKnownFileType = sourcecode.swift; path = APT_BioSensorTests.swift; sourceTree = "<group>"; };
		07CAF43C28D51D3700DD23C0 /* APT BioSensorUITests.xctest */ = {isa = PBXFileReference; explicitFileType = wrapper.cfbundle; includeInIndex = 0; path = "APT BioSensorUITests.xctest"; sourceTree = BUILT_PRODUCTS_DIR; };
		07CAF44028D51D3800DD23C0 /* APT_BioSensorUITests.swift */ = {isa = PBXFileReference; lastKnownFileType = sourcecode.swift; path = APT_BioSensorUITests.swift; sourceTree = "<group>"; };
		07CAF44228D51D3800DD23C0 /* APT_BioSensorUITestsLaunchTests.swift */ = {isa = PBXFileReference; lastKnownFileType = sourcecode.swift; path = APT_BioSensorUITestsLaunchTests.swift; sourceTree = "<group>"; };
		3838790228F672D1006AEE9B /* NotificationSettingsView.swift */ = {isa = PBXFileReference; lastKnownFileType = sourcecode.swift; path = NotificationSettingsView.swift; sourceTree = "<group>"; };
		38BF7DD428F63D71001C0CD5 /* NotificationManager.swift */ = {isa = PBXFileReference; lastKnownFileType = sourcecode.swift; path = NotificationManager.swift; sourceTree = "<group>"; };
		D166AA4628ECBEC800B6B664 /* ViewController_Display.swift */ = {isa = PBXFileReference; lastKnownFileType = sourcecode.swift; path = ViewController_Display.swift; sourceTree = "<group>"; };
		D166AA4828ECC3AD00B6B664 /* ViewController_Settings.swift */ = {isa = PBXFileReference; lastKnownFileType = sourcecode.swift; path = ViewController_Settings.swift; sourceTree = "<group>"; };
		D1B46FC528D2775100C75C27 /* bioTech.app */ = {isa = PBXFileReference; explicitFileType = wrapper.application; includeInIndex = 0; path = bioTech.app; sourceTree = BUILT_PRODUCTS_DIR; };
		D1B46FC828D2775100C75C27 /* bioTechApp.swift */ = {isa = PBXFileReference; lastKnownFileType = sourcecode.swift; path = bioTechApp.swift; sourceTree = "<group>"; };
		D1B46FCA28D2775100C75C27 /* ContentView.swift */ = {isa = PBXFileReference; lastKnownFileType = sourcecode.swift; path = ContentView.swift; sourceTree = "<group>"; };
		D1B46FCC28D2775100C75C27 /* Assets.xcassets */ = {isa = PBXFileReference; lastKnownFileType = folder.assetcatalog; path = Assets.xcassets; sourceTree = "<group>"; };
		D1B46FCF28D2775100C75C27 /* Preview Assets.xcassets */ = {isa = PBXFileReference; lastKnownFileType = folder.assetcatalog; path = "Preview Assets.xcassets"; sourceTree = "<group>"; };
/* End PBXFileReference section */

/* Begin PBXFrameworksBuildPhase section */
		07CAF41A28D51D3500DD23C0 /* Frameworks */ = {
			isa = PBXFrameworksBuildPhase;
			buildActionMask = 2147483647;
			files = (
			);
			runOnlyForDeploymentPostprocessing = 0;
		};
		07CAF42F28D51D3700DD23C0 /* Frameworks */ = {
			isa = PBXFrameworksBuildPhase;
			buildActionMask = 2147483647;
			files = (
			);
			runOnlyForDeploymentPostprocessing = 0;
		};
		07CAF43928D51D3700DD23C0 /* Frameworks */ = {
			isa = PBXFrameworksBuildPhase;
			buildActionMask = 2147483647;
			files = (
			);
			runOnlyForDeploymentPostprocessing = 0;
		};
		D1B46FC228D2775100C75C27 /* Frameworks */ = {
			isa = PBXFrameworksBuildPhase;
			buildActionMask = 2147483647;
			files = (
				F8ADC143291065BC005950BD /* SwiftUICharts in Frameworks */,
			);
			runOnlyForDeploymentPostprocessing = 0;
		};
/* End PBXFrameworksBuildPhase section */

/* Begin PBXGroup section */
		07CAF41E28D51D3500DD23C0 /* APT BioSensor */ = {
			isa = PBXGroup;
			children = (
				07CAF41F28D51D3500DD23C0 /* AppDelegate.swift */,
				07CAF42128D51D3500DD23C0 /* SceneDelegate.swift */,
				07CAF42328D51D3500DD23C0 /* ViewController.swift */,
				D166AA4628ECBEC800B6B664 /* ViewController_Display.swift */,
				D166AA4828ECC3AD00B6B664 /* ViewController_Settings.swift */,
				38BF7DD428F63D71001C0CD5 /* NotificationManager.swift */,
				3838790228F672D1006AEE9B /* NotificationSettingsView.swift */,
				07CAF42528D51D3500DD23C0 /* Main.storyboard */,
				07CAF42828D51D3700DD23C0 /* Assets.xcassets */,
				07CAF42A28D51D3700DD23C0 /* LaunchScreen.storyboard */,
				07CAF42D28D51D3700DD23C0 /* Info.plist */,
			);
			path = "APT BioSensor";
			sourceTree = "<group>";
		};
		07CAF43528D51D3700DD23C0 /* APT BioSensorTests */ = {
			isa = PBXGroup;
			children = (
				07CAF43628D51D3700DD23C0 /* APT_BioSensorTests.swift */,
			);
			path = "APT BioSensorTests";
			sourceTree = "<group>";
		};
		07CAF43F28D51D3800DD23C0 /* APT BioSensorUITests */ = {
			isa = PBXGroup;
			children = (
				07CAF44028D51D3800DD23C0 /* APT_BioSensorUITests.swift */,
				07CAF44228D51D3800DD23C0 /* APT_BioSensorUITestsLaunchTests.swift */,
			);
			path = "APT BioSensorUITests";
			sourceTree = "<group>";
		};
		D1B46FBC28D2775000C75C27 = {
			isa = PBXGroup;
			children = (
				D1B46FC728D2775100C75C27 /* bioTech */,
				07CAF41E28D51D3500DD23C0 /* APT BioSensor */,
				07CAF43528D51D3700DD23C0 /* APT BioSensorTests */,
				07CAF43F28D51D3800DD23C0 /* APT BioSensorUITests */,
				D1B46FC628D2775100C75C27 /* Products */,
			);
			sourceTree = "<group>";
		};
		D1B46FC628D2775100C75C27 /* Products */ = {
			isa = PBXGroup;
			children = (
				D1B46FC528D2775100C75C27 /* bioTech.app */,
				07CAF41D28D51D3500DD23C0 /* APT BioSensor.app */,
				07CAF43228D51D3700DD23C0 /* APT BioSensorTests.xctest */,
				07CAF43C28D51D3700DD23C0 /* APT BioSensorUITests.xctest */,
			);
			name = Products;
			sourceTree = "<group>";
		};
		D1B46FC728D2775100C75C27 /* bioTech */ = {
			isa = PBXGroup;
			children = (
				D1B46FC828D2775100C75C27 /* bioTechApp.swift */,
				D1B46FCA28D2775100C75C27 /* ContentView.swift */,
				D1B46FCC28D2775100C75C27 /* Assets.xcassets */,
				D1B46FCE28D2775100C75C27 /* Preview Content */,
			);
			path = bioTech;
			sourceTree = "<group>";
		};
		D1B46FCE28D2775100C75C27 /* Preview Content */ = {
			isa = PBXGroup;
			children = (
				D1B46FCF28D2775100C75C27 /* Preview Assets.xcassets */,
			);
			path = "Preview Content";
			sourceTree = "<group>";
		};
/* End PBXGroup section */

/* Begin PBXNativeTarget section */
		07CAF41C28D51D3500DD23C0 /* APT BioSensor */ = {
			isa = PBXNativeTarget;
			buildConfigurationList = 07CAF44428D51D3800DD23C0 /* Build configuration list for PBXNativeTarget "APT BioSensor" */;
			buildPhases = (
				07CAF41928D51D3500DD23C0 /* Sources */,
				07CAF41A28D51D3500DD23C0 /* Frameworks */,
				07CAF41B28D51D3500DD23C0 /* Resources */,
			);
			buildRules = (
			);
			dependencies = (
			);
			name = "APT BioSensor";
			productName = "APT BioSensor";
			productReference = 07CAF41D28D51D3500DD23C0 /* APT BioSensor.app */;
			productType = "com.apple.product-type.application";
		};
		07CAF43128D51D3700DD23C0 /* APT BioSensorTests */ = {
			isa = PBXNativeTarget;
			buildConfigurationList = 07CAF44728D51D3800DD23C0 /* Build configuration list for PBXNativeTarget "APT BioSensorTests" */;
			buildPhases = (
				07CAF42E28D51D3700DD23C0 /* Sources */,
				07CAF42F28D51D3700DD23C0 /* Frameworks */,
				07CAF43028D51D3700DD23C0 /* Resources */,
			);
			buildRules = (
			);
			dependencies = (
				07CAF43428D51D3700DD23C0 /* PBXTargetDependency */,
			);
			name = "APT BioSensorTests";
			productName = "APT BioSensorTests";
			productReference = 07CAF43228D51D3700DD23C0 /* APT BioSensorTests.xctest */;
			productType = "com.apple.product-type.bundle.unit-test";
		};
		07CAF43B28D51D3700DD23C0 /* APT BioSensorUITests */ = {
			isa = PBXNativeTarget;
			buildConfigurationList = 07CAF44A28D51D3800DD23C0 /* Build configuration list for PBXNativeTarget "APT BioSensorUITests" */;
			buildPhases = (
				07CAF43828D51D3700DD23C0 /* Sources */,
				07CAF43928D51D3700DD23C0 /* Frameworks */,
				07CAF43A28D51D3700DD23C0 /* Resources */,
			);
			buildRules = (
			);
			dependencies = (
				07CAF43E28D51D3800DD23C0 /* PBXTargetDependency */,
			);
			name = "APT BioSensorUITests";
			productName = "APT BioSensorUITests";
			productReference = 07CAF43C28D51D3700DD23C0 /* APT BioSensorUITests.xctest */;
			productType = "com.apple.product-type.bundle.ui-testing";
		};
		D1B46FC428D2775100C75C27 /* bioTech */ = {
			isa = PBXNativeTarget;
			buildConfigurationList = D1B46FD328D2775100C75C27 /* Build configuration list for PBXNativeTarget "bioTech" */;
			buildPhases = (
				D1B46FC128D2775100C75C27 /* Sources */,
				D1B46FC228D2775100C75C27 /* Frameworks */,
				D1B46FC328D2775100C75C27 /* Resources */,
			);
			buildRules = (
			);
			dependencies = (
			);
			name = bioTech;
			packageProductDependencies = (
				F8ADC142291065BC005950BD /* SwiftUICharts */,
			);
			productName = bioTech;
			productReference = D1B46FC528D2775100C75C27 /* bioTech.app */;
			productType = "com.apple.product-type.application";
		};
/* End PBXNativeTarget section */

/* Begin PBXProject section */
		D1B46FBD28D2775000C75C27 /* Project object */ = {
			isa = PBXProject;
			attributes = {
				BuildIndependentTargetsInParallel = 1;
				LastSwiftUpdateCheck = 1400;
				LastUpgradeCheck = 1340;
				TargetAttributes = {
					07CAF41C28D51D3500DD23C0 = {
						CreatedOnToolsVersion = 14.0;
					};
					07CAF43128D51D3700DD23C0 = {
						CreatedOnToolsVersion = 14.0;
						TestTargetID = 07CAF41C28D51D3500DD23C0;
					};
					07CAF43B28D51D3700DD23C0 = {
						CreatedOnToolsVersion = 14.0;
						TestTargetID = 07CAF41C28D51D3500DD23C0;
					};
					D1B46FC428D2775100C75C27 = {
						CreatedOnToolsVersion = 13.4.1;
					};
				};
			};
			buildConfigurationList = D1B46FC028D2775000C75C27 /* Build configuration list for PBXProject "bioTech" */;
			compatibilityVersion = "Xcode 13.0";
			developmentRegion = en;
			hasScannedForEncodings = 0;
			knownRegions = (
				en,
				Base,
			);
			mainGroup = D1B46FBC28D2775000C75C27;
			packageReferences = (
				F8ADC141291065BB005950BD /* XCRemoteSwiftPackageReference "SwiftUICharts" */,
			);
			productRefGroup = D1B46FC628D2775100C75C27 /* Products */;
			projectDirPath = "";
			projectRoot = "";
			targets = (
				D1B46FC428D2775100C75C27 /* bioTech */,
				07CAF41C28D51D3500DD23C0 /* APT BioSensor */,
				07CAF43128D51D3700DD23C0 /* APT BioSensorTests */,
				07CAF43B28D51D3700DD23C0 /* APT BioSensorUITests */,
			);
		};
/* End PBXProject section */

/* Begin PBXResourcesBuildPhase section */
		07CAF41B28D51D3500DD23C0 /* Resources */ = {
			isa = PBXResourcesBuildPhase;
			buildActionMask = 2147483647;
			files = (
				07CAF42C28D51D3700DD23C0 /* LaunchScreen.storyboard in Resources */,
				07CAF42928D51D3700DD23C0 /* Assets.xcassets in Resources */,
				07CAF42728D51D3500DD23C0 /* Main.storyboard in Resources */,
			);
			runOnlyForDeploymentPostprocessing = 0;
		};
		07CAF43028D51D3700DD23C0 /* Resources */ = {
			isa = PBXResourcesBuildPhase;
			buildActionMask = 2147483647;
			files = (
			);
			runOnlyForDeploymentPostprocessing = 0;
		};
		07CAF43A28D51D3700DD23C0 /* Resources */ = {
			isa = PBXResourcesBuildPhase;
			buildActionMask = 2147483647;
			files = (
			);
			runOnlyForDeploymentPostprocessing = 0;
		};
		D1B46FC328D2775100C75C27 /* Resources */ = {
			isa = PBXResourcesBuildPhase;
			buildActionMask = 2147483647;
			files = (
				D1B46FD028D2775100C75C27 /* Preview Assets.xcassets in Resources */,
				D1B46FCD28D2775100C75C27 /* Assets.xcassets in Resources */,
			);
			runOnlyForDeploymentPostprocessing = 0;
		};
/* End PBXResourcesBuildPhase section */

/* Begin PBXSourcesBuildPhase section */
		07CAF41928D51D3500DD23C0 /* Sources */ = {
			isa = PBXSourcesBuildPhase;
			buildActionMask = 2147483647;
			files = (
				38BF7DD528F63D71001C0CD5 /* NotificationManager.swift in Sources */,
				07CAF42428D51D3500DD23C0 /* ViewController.swift in Sources */,
				07CAF42028D51D3500DD23C0 /* AppDelegate.swift in Sources */,
				D166AA4928ECC3AD00B6B664 /* ViewController_Settings.swift in Sources */,
				3838790328F672D1006AEE9B /* NotificationSettingsView.swift in Sources */,
				07CAF42228D51D3500DD23C0 /* SceneDelegate.swift in Sources */,
				D166AA4728ECBEC800B6B664 /* ViewController_Display.swift in Sources */,
			);
			runOnlyForDeploymentPostprocessing = 0;
		};
		07CAF42E28D51D3700DD23C0 /* Sources */ = {
			isa = PBXSourcesBuildPhase;
			buildActionMask = 2147483647;
			files = (
				07CAF43728D51D3700DD23C0 /* APT_BioSensorTests.swift in Sources */,
			);
			runOnlyForDeploymentPostprocessing = 0;
		};
		07CAF43828D51D3700DD23C0 /* Sources */ = {
			isa = PBXSourcesBuildPhase;
			buildActionMask = 2147483647;
			files = (
				07CAF44128D51D3800DD23C0 /* APT_BioSensorUITests.swift in Sources */,
				07CAF44328D51D3800DD23C0 /* APT_BioSensorUITestsLaunchTests.swift in Sources */,
			);
			runOnlyForDeploymentPostprocessing = 0;
		};
		D1B46FC128D2775100C75C27 /* Sources */ = {
			isa = PBXSourcesBuildPhase;
			buildActionMask = 2147483647;
			files = (
				D1B46FCB28D2775100C75C27 /* ContentView.swift in Sources */,
				D1B46FC928D2775100C75C27 /* bioTechApp.swift in Sources */,
			);
			runOnlyForDeploymentPostprocessing = 0;
		};
/* End PBXSourcesBuildPhase section */

/* Begin PBXTargetDependency section */
		07CAF43428D51D3700DD23C0 /* PBXTargetDependency */ = {
			isa = PBXTargetDependency;
			target = 07CAF41C28D51D3500DD23C0 /* APT BioSensor */;
			targetProxy = 07CAF43328D51D3700DD23C0 /* PBXContainerItemProxy */;
		};
		07CAF43E28D51D3800DD23C0 /* PBXTargetDependency */ = {
			isa = PBXTargetDependency;
			target = 07CAF41C28D51D3500DD23C0 /* APT BioSensor */;
			targetProxy = 07CAF43D28D51D3800DD23C0 /* PBXContainerItemProxy */;
		};
/* End PBXTargetDependency section */

/* Begin PBXVariantGroup section */
		07CAF42528D51D3500DD23C0 /* Main.storyboard */ = {
			isa = PBXVariantGroup;
			children = (
				07CAF42628D51D3500DD23C0 /* Base */,
			);
			name = Main.storyboard;
			sourceTree = "<group>";
		};
		07CAF42A28D51D3700DD23C0 /* LaunchScreen.storyboard */ = {
			isa = PBXVariantGroup;
			children = (
				07CAF42B28D51D3700DD23C0 /* Base */,
			);
			name = LaunchScreen.storyboard;
			sourceTree = "<group>";
		};
/* End PBXVariantGroup section */

/* Begin XCBuildConfiguration section */
		07CAF44528D51D3800DD23C0 /* Debug */ = {
			isa = XCBuildConfiguration;
			buildSettings = {
				ASSETCATALOG_COMPILER_APPICON_NAME = AppIcon;
				ASSETCATALOG_COMPILER_GLOBAL_ACCENT_COLOR_NAME = AccentColor;
				CLANG_CXX_LANGUAGE_STANDARD = "gnu++20";
				CODE_SIGN_IDENTITY = "Apple Development";
				CODE_SIGN_STYLE = Automatic;
				CURRENT_PROJECT_VERSION = 1;
				DEVELOPMENT_TEAM = 5ZGKN7XWK5;
				GENERATE_INFOPLIST_FILE = YES;
				INFOPLIST_FILE = "APT BioSensor/Info.plist";
				INFOPLIST_KEY_UIApplicationSupportsIndirectInputEvents = YES;
				INFOPLIST_KEY_UILaunchStoryboardName = LaunchScreen;
				INFOPLIST_KEY_UIMainStoryboardFile = Main;
				INFOPLIST_KEY_UISupportedInterfaceOrientations = UIInterfaceOrientationPortrait;
				INFOPLIST_KEY_UISupportedInterfaceOrientations_iPad = "UIInterfaceOrientationLandscapeLeft UIInterfaceOrientationLandscapeRight UIInterfaceOrientationPortrait UIInterfaceOrientationPortraitUpsideDown";
				IPHONEOS_DEPLOYMENT_TARGET = 15.0;
				LD_RUNPATH_SEARCH_PATHS = (
					"$(inherited)",
					"@executable_path/Frameworks",
				);
				MARKETING_VERSION = 1.0;
				PRODUCT_BUNDLE_IDENTIFIER = "smithMichael.APT-BioSensor";
				PRODUCT_NAME = "$(TARGET_NAME)";
				PROVISIONING_PROFILE_SPECIFIER = "";
				SUPPORTED_PLATFORMS = "iphoneos iphonesimulator";
				SUPPORTS_MACCATALYST = NO;
				SUPPORTS_MAC_DESIGNED_FOR_IPHONE_IPAD = NO;
				SWIFT_EMIT_LOC_STRINGS = YES;
				SWIFT_VERSION = 5.0;
				TARGETED_DEVICE_FAMILY = 1;
			};
			name = Debug;
		};
		07CAF44628D51D3800DD23C0 /* Release */ = {
			isa = XCBuildConfiguration;
			buildSettings = {
				ASSETCATALOG_COMPILER_APPICON_NAME = AppIcon;
				ASSETCATALOG_COMPILER_GLOBAL_ACCENT_COLOR_NAME = AccentColor;
				CLANG_CXX_LANGUAGE_STANDARD = "gnu++20";
				CODE_SIGN_IDENTITY = "Apple Development";
				CODE_SIGN_STYLE = Automatic;
				CURRENT_PROJECT_VERSION = 1;
				DEVELOPMENT_TEAM = 5ZGKN7XWK5;
				GENERATE_INFOPLIST_FILE = YES;
				INFOPLIST_FILE = "APT BioSensor/Info.plist";
				INFOPLIST_KEY_UIApplicationSupportsIndirectInputEvents = YES;
				INFOPLIST_KEY_UILaunchStoryboardName = LaunchScreen;
				INFOPLIST_KEY_UIMainStoryboardFile = Main;
				INFOPLIST_KEY_UISupportedInterfaceOrientations = UIInterfaceOrientationPortrait;
				INFOPLIST_KEY_UISupportedInterfaceOrientations_iPad = "UIInterfaceOrientationLandscapeLeft UIInterfaceOrientationLandscapeRight UIInterfaceOrientationPortrait UIInterfaceOrientationPortraitUpsideDown";
				IPHONEOS_DEPLOYMENT_TARGET = 15.0;
				LD_RUNPATH_SEARCH_PATHS = (
					"$(inherited)",
					"@executable_path/Frameworks",
				);
				MARKETING_VERSION = 1.0;
				PRODUCT_BUNDLE_IDENTIFIER = "smithMichael.APT-BioSensor";
				PRODUCT_NAME = "$(TARGET_NAME)";
				PROVISIONING_PROFILE_SPECIFIER = "";
				SUPPORTED_PLATFORMS = "iphoneos iphonesimulator";
				SUPPORTS_MACCATALYST = NO;
				SUPPORTS_MAC_DESIGNED_FOR_IPHONE_IPAD = NO;
				SWIFT_EMIT_LOC_STRINGS = YES;
				SWIFT_VERSION = 5.0;
				TARGETED_DEVICE_FAMILY = 1;
			};
			name = Release;
		};
		07CAF44828D51D3800DD23C0 /* Debug */ = {
			isa = XCBuildConfiguration;
			buildSettings = {
				ALWAYS_EMBED_SWIFT_STANDARD_LIBRARIES = YES;
				BUNDLE_LOADER = "$(TEST_HOST)";
				CLANG_CXX_LANGUAGE_STANDARD = "gnu++20";
				CODE_SIGN_STYLE = Automatic;
				CURRENT_PROJECT_VERSION = 1;
				DEVELOPMENT_TEAM = H6QURN4NNF;
				GENERATE_INFOPLIST_FILE = YES;
				IPHONEOS_DEPLOYMENT_TARGET = 15.0;
				MARKETING_VERSION = 1.0;
				PRODUCT_BUNDLE_IDENTIFIER = "APT.APT-BioSensorTests";
				PRODUCT_NAME = "$(TARGET_NAME)";
				SWIFT_EMIT_LOC_STRINGS = NO;
				SWIFT_VERSION = 5.0;
				TARGETED_DEVICE_FAMILY = "1,2";
				TEST_HOST = "$(BUILT_PRODUCTS_DIR)/APT BioSensor.app/$(BUNDLE_EXECUTABLE_FOLDER_PATH)/APT BioSensor";
			};
			name = Debug;
		};
		07CAF44928D51D3800DD23C0 /* Release */ = {
			isa = XCBuildConfiguration;
			buildSettings = {
				ALWAYS_EMBED_SWIFT_STANDARD_LIBRARIES = YES;
				BUNDLE_LOADER = "$(TEST_HOST)";
				CLANG_CXX_LANGUAGE_STANDARD = "gnu++20";
				CODE_SIGN_STYLE = Automatic;
				CURRENT_PROJECT_VERSION = 1;
				DEVELOPMENT_TEAM = H6QURN4NNF;
				GENERATE_INFOPLIST_FILE = YES;
				IPHONEOS_DEPLOYMENT_TARGET = 15.0;
				MARKETING_VERSION = 1.0;
				PRODUCT_BUNDLE_IDENTIFIER = "APT.APT-BioSensorTests";
				PRODUCT_NAME = "$(TARGET_NAME)";
				SWIFT_EMIT_LOC_STRINGS = NO;
				SWIFT_VERSION = 5.0;
				TARGETED_DEVICE_FAMILY = "1,2";
				TEST_HOST = "$(BUILT_PRODUCTS_DIR)/APT BioSensor.app/$(BUNDLE_EXECUTABLE_FOLDER_PATH)/APT BioSensor";
			};
			name = Release;
		};
		07CAF44B28D51D3800DD23C0 /* Debug */ = {
			isa = XCBuildConfiguration;
			buildSettings = {
				ALWAYS_EMBED_SWIFT_STANDARD_LIBRARIES = YES;
				CLANG_CXX_LANGUAGE_STANDARD = "gnu++20";
				CODE_SIGN_STYLE = Automatic;
				CURRENT_PROJECT_VERSION = 1;
				DEVELOPMENT_TEAM = H6QURN4NNF;
				GENERATE_INFOPLIST_FILE = YES;
				IPHONEOS_DEPLOYMENT_TARGET = 15.0;
				MARKETING_VERSION = 1.0;
				PRODUCT_BUNDLE_IDENTIFIER = "APT.APT-BioSensorUITests";
				PRODUCT_NAME = "$(TARGET_NAME)";
				SUPPORTED_PLATFORMS = "iphoneos iphonesimulator";
				SUPPORTS_MACCATALYST = NO;
				SUPPORTS_MAC_DESIGNED_FOR_IPHONE_IPAD = NO;
				SWIFT_EMIT_LOC_STRINGS = NO;
				SWIFT_VERSION = 5.0;
				TARGETED_DEVICE_FAMILY = 1;
				TEST_TARGET_NAME = "APT BioSensor";
			};
			name = Debug;
		};
		07CAF44C28D51D3800DD23C0 /* Release */ = {
			isa = XCBuildConfiguration;
			buildSettings = {
				ALWAYS_EMBED_SWIFT_STANDARD_LIBRARIES = YES;
				CLANG_CXX_LANGUAGE_STANDARD = "gnu++20";
				CODE_SIGN_STYLE = Automatic;
				CURRENT_PROJECT_VERSION = 1;
				DEVELOPMENT_TEAM = H6QURN4NNF;
				GENERATE_INFOPLIST_FILE = YES;
				IPHONEOS_DEPLOYMENT_TARGET = 15.0;
				MARKETING_VERSION = 1.0;
				PRODUCT_BUNDLE_IDENTIFIER = "APT.APT-BioSensorUITests";
				PRODUCT_NAME = "$(TARGET_NAME)";
				SUPPORTED_PLATFORMS = "iphoneos iphonesimulator";
				SUPPORTS_MACCATALYST = NO;
				SUPPORTS_MAC_DESIGNED_FOR_IPHONE_IPAD = NO;
				SWIFT_EMIT_LOC_STRINGS = NO;
				SWIFT_VERSION = 5.0;
				TARGETED_DEVICE_FAMILY = 1;
				TEST_TARGET_NAME = "APT BioSensor";
			};
			name = Release;
		};
		D1B46FD128D2775100C75C27 /* Debug */ = {
			isa = XCBuildConfiguration;
			buildSettings = {
				ALWAYS_SEARCH_USER_PATHS = NO;
				CLANG_ANALYZER_NONNULL = YES;
				CLANG_ANALYZER_NUMBER_OBJECT_CONVERSION = YES_AGGRESSIVE;
				CLANG_CXX_LANGUAGE_STANDARD = "gnu++17";
				CLANG_ENABLE_MODULES = YES;
				CLANG_ENABLE_OBJC_ARC = YES;
				CLANG_ENABLE_OBJC_WEAK = YES;
				CLANG_WARN_BLOCK_CAPTURE_AUTORELEASING = YES;
				CLANG_WARN_BOOL_CONVERSION = YES;
				CLANG_WARN_COMMA = YES;
				CLANG_WARN_CONSTANT_CONVERSION = YES;
				CLANG_WARN_DEPRECATED_OBJC_IMPLEMENTATIONS = YES;
				CLANG_WARN_DIRECT_OBJC_ISA_USAGE = YES_ERROR;
				CLANG_WARN_DOCUMENTATION_COMMENTS = YES;
				CLANG_WARN_EMPTY_BODY = YES;
				CLANG_WARN_ENUM_CONVERSION = YES;
				CLANG_WARN_INFINITE_RECURSION = YES;
				CLANG_WARN_INT_CONVERSION = YES;
				CLANG_WARN_NON_LITERAL_NULL_CONVERSION = YES;
				CLANG_WARN_OBJC_IMPLICIT_RETAIN_SELF = YES;
				CLANG_WARN_OBJC_LITERAL_CONVERSION = YES;
				CLANG_WARN_OBJC_ROOT_CLASS = YES_ERROR;
				CLANG_WARN_QUOTED_INCLUDE_IN_FRAMEWORK_HEADER = YES;
				CLANG_WARN_RANGE_LOOP_ANALYSIS = YES;
				CLANG_WARN_STRICT_PROTOTYPES = YES;
				CLANG_WARN_SUSPICIOUS_MOVE = YES;
				CLANG_WARN_UNGUARDED_AVAILABILITY = YES_AGGRESSIVE;
				CLANG_WARN_UNREACHABLE_CODE = YES;
				CLANG_WARN__DUPLICATE_METHOD_MATCH = YES;
				COPY_PHASE_STRIP = NO;
				DEBUG_INFORMATION_FORMAT = dwarf;
				ENABLE_STRICT_OBJC_MSGSEND = YES;
				ENABLE_TESTABILITY = YES;
				GCC_C_LANGUAGE_STANDARD = gnu11;
				GCC_DYNAMIC_NO_PIC = NO;
				GCC_NO_COMMON_BLOCKS = YES;
				GCC_OPTIMIZATION_LEVEL = 0;
				GCC_PREPROCESSOR_DEFINITIONS = (
					"DEBUG=1",
					"$(inherited)",
				);
				GCC_WARN_64_TO_32_BIT_CONVERSION = YES;
				GCC_WARN_ABOUT_RETURN_TYPE = YES_ERROR;
				GCC_WARN_UNDECLARED_SELECTOR = YES;
				GCC_WARN_UNINITIALIZED_AUTOS = YES_AGGRESSIVE;
				GCC_WARN_UNUSED_FUNCTION = YES;
				GCC_WARN_UNUSED_VARIABLE = YES;
				IPHONEOS_DEPLOYMENT_TARGET = 15.5;
				MTL_ENABLE_DEBUG_INFO = INCLUDE_SOURCE;
				MTL_FAST_MATH = YES;
				ONLY_ACTIVE_ARCH = YES;
				SDKROOT = iphoneos;
				SWIFT_ACTIVE_COMPILATION_CONDITIONS = DEBUG;
				SWIFT_OPTIMIZATION_LEVEL = "-Onone";
			};
			name = Debug;
		};
		D1B46FD228D2775100C75C27 /* Release */ = {
			isa = XCBuildConfiguration;
			buildSettings = {
				ALWAYS_SEARCH_USER_PATHS = NO;
				CLANG_ANALYZER_NONNULL = YES;
				CLANG_ANALYZER_NUMBER_OBJECT_CONVERSION = YES_AGGRESSIVE;
				CLANG_CXX_LANGUAGE_STANDARD = "gnu++17";
				CLANG_ENABLE_MODULES = YES;
				CLANG_ENABLE_OBJC_ARC = YES;
				CLANG_ENABLE_OBJC_WEAK = YES;
				CLANG_WARN_BLOCK_CAPTURE_AUTORELEASING = YES;
				CLANG_WARN_BOOL_CONVERSION = YES;
				CLANG_WARN_COMMA = YES;
				CLANG_WARN_CONSTANT_CONVERSION = YES;
				CLANG_WARN_DEPRECATED_OBJC_IMPLEMENTATIONS = YES;
				CLANG_WARN_DIRECT_OBJC_ISA_USAGE = YES_ERROR;
				CLANG_WARN_DOCUMENTATION_COMMENTS = YES;
				CLANG_WARN_EMPTY_BODY = YES;
				CLANG_WARN_ENUM_CONVERSION = YES;
				CLANG_WARN_INFINITE_RECURSION = YES;
				CLANG_WARN_INT_CONVERSION = YES;
				CLANG_WARN_NON_LITERAL_NULL_CONVERSION = YES;
				CLANG_WARN_OBJC_IMPLICIT_RETAIN_SELF = YES;
				CLANG_WARN_OBJC_LITERAL_CONVERSION = YES;
				CLANG_WARN_OBJC_ROOT_CLASS = YES_ERROR;
				CLANG_WARN_QUOTED_INCLUDE_IN_FRAMEWORK_HEADER = YES;
				CLANG_WARN_RANGE_LOOP_ANALYSIS = YES;
				CLANG_WARN_STRICT_PROTOTYPES = YES;
				CLANG_WARN_SUSPICIOUS_MOVE = YES;
				CLANG_WARN_UNGUARDED_AVAILABILITY = YES_AGGRESSIVE;
				CLANG_WARN_UNREACHABLE_CODE = YES;
				CLANG_WARN__DUPLICATE_METHOD_MATCH = YES;
				COPY_PHASE_STRIP = NO;
				DEBUG_INFORMATION_FORMAT = "dwarf-with-dsym";
				ENABLE_NS_ASSERTIONS = NO;
				ENABLE_STRICT_OBJC_MSGSEND = YES;
				GCC_C_LANGUAGE_STANDARD = gnu11;
				GCC_NO_COMMON_BLOCKS = YES;
				GCC_WARN_64_TO_32_BIT_CONVERSION = YES;
				GCC_WARN_ABOUT_RETURN_TYPE = YES_ERROR;
				GCC_WARN_UNDECLARED_SELECTOR = YES;
				GCC_WARN_UNINITIALIZED_AUTOS = YES_AGGRESSIVE;
				GCC_WARN_UNUSED_FUNCTION = YES;
				GCC_WARN_UNUSED_VARIABLE = YES;
				IPHONEOS_DEPLOYMENT_TARGET = 15.5;
				MTL_ENABLE_DEBUG_INFO = NO;
				MTL_FAST_MATH = YES;
				SDKROOT = iphoneos;
				SWIFT_COMPILATION_MODE = wholemodule;
				SWIFT_OPTIMIZATION_LEVEL = "-O";
				VALIDATE_PRODUCT = YES;
			};
			name = Release;
		};
		D1B46FD428D2775100C75C27 /* Debug */ = {
			isa = XCBuildConfiguration;
			buildSettings = {
				ASSETCATALOG_COMPILER_APPICON_NAME = AppIcon;
				ASSETCATALOG_COMPILER_GLOBAL_ACCENT_COLOR_NAME = AccentColor;
				CODE_SIGN_STYLE = Automatic;
				CURRENT_PROJECT_VERSION = 1;
				DEVELOPMENT_ASSET_PATHS = "\"bioTech/Preview Content\"";
				ENABLE_PREVIEWS = YES;
				GENERATE_INFOPLIST_FILE = YES;
				INFOPLIST_KEY_UIApplicationSceneManifest_Generation = YES;
				INFOPLIST_KEY_UIApplicationSupportsIndirectInputEvents = YES;
				INFOPLIST_KEY_UILaunchScreen_Generation = YES;
				INFOPLIST_KEY_UISupportedInterfaceOrientations = UIInterfaceOrientationPortrait;
				INFOPLIST_KEY_UISupportedInterfaceOrientations_iPad = "UIInterfaceOrientationLandscapeLeft UIInterfaceOrientationLandscapeRight UIInterfaceOrientationPortrait UIInterfaceOrientationPortraitUpsideDown";
				IPHONEOS_DEPLOYMENT_TARGET = 15.5;
				LD_RUNPATH_SEARCH_PATHS = (
					"$(inherited)",
					"@executable_path/Frameworks",
				);
				MARKETING_VERSION = 1.0;
				PRODUCT_BUNDLE_IDENTIFIER = bioTech.bioTech;
				PRODUCT_NAME = "$(TARGET_NAME)";
				SWIFT_EMIT_LOC_STRINGS = YES;
				SWIFT_VERSION = 5.0;
				TARGETED_DEVICE_FAMILY = "1,2";
			};
			name = Debug;
		};
		D1B46FD528D2775100C75C27 /* Release */ = {
			isa = XCBuildConfiguration;
			buildSettings = {
				ASSETCATALOG_COMPILER_APPICON_NAME = AppIcon;
				ASSETCATALOG_COMPILER_GLOBAL_ACCENT_COLOR_NAME = AccentColor;
				CODE_SIGN_STYLE = Automatic;
				CURRENT_PROJECT_VERSION = 1;
				DEVELOPMENT_ASSET_PATHS = "\"bioTech/Preview Content\"";
				ENABLE_PREVIEWS = YES;
				GENERATE_INFOPLIST_FILE = YES;
				INFOPLIST_KEY_UIApplicationSceneManifest_Generation = YES;
				INFOPLIST_KEY_UIApplicationSupportsIndirectInputEvents = YES;
				INFOPLIST_KEY_UILaunchScreen_Generation = YES;
				INFOPLIST_KEY_UISupportedInterfaceOrientations = UIInterfaceOrientationPortrait;
				INFOPLIST_KEY_UISupportedInterfaceOrientations_iPad = "UIInterfaceOrientationLandscapeLeft UIInterfaceOrientationLandscapeRight UIInterfaceOrientationPortrait UIInterfaceOrientationPortraitUpsideDown";
				IPHONEOS_DEPLOYMENT_TARGET = 15.5;
				LD_RUNPATH_SEARCH_PATHS = (
					"$(inherited)",
					"@executable_path/Frameworks",
				);
				MARKETING_VERSION = 1.0;
				PRODUCT_BUNDLE_IDENTIFIER = bioTech.bioTech;
				PRODUCT_NAME = "$(TARGET_NAME)";
				SWIFT_EMIT_LOC_STRINGS = YES;
				SWIFT_VERSION = 5.0;
				TARGETED_DEVICE_FAMILY = "1,2";
			};
			name = Release;
		};
/* End XCBuildConfiguration section */

/* Begin XCConfigurationList section */
		07CAF44428D51D3800DD23C0 /* Build configuration list for PBXNativeTarget "APT BioSensor" */ = {
			isa = XCConfigurationList;
			buildConfigurations = (
				07CAF44528D51D3800DD23C0 /* Debug */,
				07CAF44628D51D3800DD23C0 /* Release */,
			);
			defaultConfigurationIsVisible = 0;
			defaultConfigurationName = Release;
		};
		07CAF44728D51D3800DD23C0 /* Build configuration list for PBXNativeTarget "APT BioSensorTests" */ = {
			isa = XCConfigurationList;
			buildConfigurations = (
				07CAF44828D51D3800DD23C0 /* Debug */,
				07CAF44928D51D3800DD23C0 /* Release */,
			);
			defaultConfigurationIsVisible = 0;
			defaultConfigurationName = Release;
		};
		07CAF44A28D51D3800DD23C0 /* Build configuration list for PBXNativeTarget "APT BioSensorUITests" */ = {
			isa = XCConfigurationList;
			buildConfigurations = (
				07CAF44B28D51D3800DD23C0 /* Debug */,
				07CAF44C28D51D3800DD23C0 /* Release */,
			);
			defaultConfigurationIsVisible = 0;
			defaultConfigurationName = Release;
		};
		D1B46FC028D2775000C75C27 /* Build configuration list for PBXProject "bioTech" */ = {
			isa = XCConfigurationList;
			buildConfigurations = (
				D1B46FD128D2775100C75C27 /* Debug */,
				D1B46FD228D2775100C75C27 /* Release */,
			);
			defaultConfigurationIsVisible = 0;
			defaultConfigurationName = Release;
		};
		D1B46FD328D2775100C75C27 /* Build configuration list for PBXNativeTarget "bioTech" */ = {
			isa = XCConfigurationList;
			buildConfigurations = (
				D1B46FD428D2775100C75C27 /* Debug */,
				D1B46FD528D2775100C75C27 /* Release */,
			);
			defaultConfigurationIsVisible = 0;
			defaultConfigurationName = Release;
		};
/* End XCConfigurationList section */

/* Begin XCRemoteSwiftPackageReference section */
		F8ADC141291065BB005950BD /* XCRemoteSwiftPackageReference "SwiftUICharts" */ = {
			isa = XCRemoteSwiftPackageReference;
			repositoryURL = "https://github.com/willdale/SwiftUICharts.git";
			requirement = {
				kind = upToNextMajorVersion;
				minimumVersion = 2.0.0;
			};
		};
/* End XCRemoteSwiftPackageReference section */

/* Begin XCSwiftPackageProductDependency section */
		F8ADC142291065BC005950BD /* SwiftUICharts */ = {
			isa = XCSwiftPackageProductDependency;
			package = F8ADC141291065BB005950BD /* XCRemoteSwiftPackageReference "SwiftUICharts" */;
			productName = SwiftUICharts;
		};
/* End XCSwiftPackageProductDependency section */
	};
	rootObject = D1B46FBD28D2775000C75C27 /* Project object */;
}
